
Microsoft Visual Studio Solution File, Format Version 12.00
# Visual Studio Version 17
VisualStudioVersion = 17.10.34928.147
MinimumVisualStudioVersion = 10.0.40219.1
Project("{FAE04EC0-301F-11D3-BF4B-00C04F79EFBC}") = "ClothingStoreAPI", "ClothingStoreAPI\ClothingStoreAPI.csproj", "{6DD06142-721C-42CF-BEB4-E4D243B5B6A5}"
	ProjectSection(ProjectDependencies) = postProject
		{07CB5F33-9980-49E1-B29B-CF05222126B2} = {07CB5F33-9980-49E1-B29B-CF05222126B2}
		{1E9A88A6-A64F-4597-9C65-B7F92662A806} = {1E9A88A6-A64F-4597-9C65-B7F92662A806}
		{6F6F2CDF-3D59-4E38-842E-ABA6D2052F14} = {6F6F2CDF-3D59-4E38-842E-ABA6D2052F14}
	EndProjectSection
EndProject
Project("{FAE04EC0-301F-11D3-BF4B-00C04F79EFBC}") = "ClothingStoreDomain", "ClothingStoreDomain\ClothingStoreDomain.csproj", "{6F6F2CDF-3D59-4E38-842E-ABA6D2052F14}"
EndProject
Project("{FAE04EC0-301F-11D3-BF4B-00C04F79EFBC}") = "ClothingStoreInfrastructure", "ClothingStoreInfrastructure\ClothingStoreInfrastructure.csproj", "{1E9A88A6-A64F-4597-9C65-B7F92662A806}"
	ProjectSection(ProjectDependencies) = postProject
		{07CB5F33-9980-49E1-B29B-CF05222126B2} = {07CB5F33-9980-49E1-B29B-CF05222126B2}
		{6F6F2CDF-3D59-4E38-842E-ABA6D2052F14} = {6F6F2CDF-3D59-4E38-842E-ABA6D2052F14}
	EndProjectSection
EndProject
Project("{FAE04EC0-301F-11D3-BF4B-00C04F79EFBC}") = "ClothingStoreApplication", "ClothingStoreApplication\ClothingStoreApplication.csproj", "{07CB5F33-9980-49E1-B29B-CF05222126B2}"
	ProjectSection(ProjectDependencies) = postProject
		{6F6F2CDF-3D59-4E38-842E-ABA6D2052F14} = {6F6F2CDF-3D59-4E38-842E-ABA6D2052F14}
	EndProjectSection
EndProject
Global
	GlobalSection(SolutionConfigurationPlatforms) = preSolution
		Debug|Any CPU = Debug|Any CPU
		Release|Any CPU = Release|Any CPU
	EndGlobalSection
	GlobalSection(ProjectConfigurationPlatforms) = postSolution
		{6DD06142-721C-42CF-BEB4-E4D243B5B6A5}.Debug|Any CPU.ActiveCfg = Debug|Any CPU
		{6DD06142-721C-42CF-BEB4-E4D243B5B6A5}.Debug|Any CPU.Build.0 = Debug|Any CPU
		{6DD06142-721C-42CF-BEB4-E4D243B5B6A5}.Release|Any CPU.ActiveCfg = Release|Any CPU
		{6DD06142-721C-42CF-BEB4-E4D243B5B6A5}.Release|Any CPU.Build.0 = Release|Any CPU
		{6F6F2CDF-3D59-4E38-842E-ABA6D2052F14}.Debug|Any CPU.ActiveCfg = Debug|Any CPU
		{6F6F2CDF-3D59-4E38-842E-ABA6D2052F14}.Debug|Any CPU.Build.0 = Debug|Any CPU
		{6F6F2CDF-3D59-4E38-842E-ABA6D2052F14}.Release|Any CPU.ActiveCfg = Release|Any CPU
		{6F6F2CDF-3D59-4E38-842E-ABA6D2052F14}.Release|Any CPU.Build.0 = Release|Any CPU
		{1E9A88A6-A64F-4597-9C65-B7F92662A806}.Debug|Any CPU.ActiveCfg = Debug|Any CPU
		{1E9A88A6-A64F-4597-9C65-B7F92662A806}.Debug|Any CPU.Build.0 = Debug|Any CPU
		{1E9A88A6-A64F-4597-9C65-B7F92662A806}.Release|Any CPU.ActiveCfg = Release|Any CPU
		{1E9A88A6-A64F-4597-9C65-B7F92662A806}.Release|Any CPU.Build.0 = Release|Any CPU
		{07CB5F33-9980-49E1-B29B-CF05222126B2}.Debug|Any CPU.ActiveCfg = Debug|Any CPU
		{07CB5F33-9980-49E1-B29B-CF05222126B2}.Debug|Any CPU.Build.0 = Debug|Any CPU
		{07CB5F33-9980-49E1-B29B-CF05222126B2}.Release|Any CPU.ActiveCfg = Release|Any CPU
		{07CB5F33-9980-49E1-B29B-CF05222126B2}.Release|Any CPU.Build.0 = Release|Any CPU
	EndGlobalSection
	GlobalSection(SolutionProperties) = preSolution
		HideSolutionNode = FALSE
	EndGlobalSection
	GlobalSection(ExtensibilityGlobals) = postSolution
		SolutionGuid = {EAA7390B-44BB-40D3-B51D-446A0F17208F}
	EndGlobalSection
EndGlobal
