
Microsoft Visual Studio Solution File, Format Version 12.00
# Visual Studio Version 17
VisualStudioVersion = 17.10.34928.147
MinimumVisualStudioVersion = 10.0.40219.1
Project("{FAE04EC0-301F-11D3-BF4B-00C04F79EFBC}") = "ClothingStoreAPI", "ClothingStoreAPI\ClothingStoreAPI.csproj", "{3D1FD93F-59A1-4096-A21B-40734F922BEC}"
	ProjectSection(ProjectDependencies) = postProject
		{139250D4-B5C4-4776-8DB0-7E6712C28637} = {139250D4-B5C4-4776-8DB0-7E6712C28637}
		{422D9486-2668-4AA5-AF6A-B23D1E88EE32} = {422D9486-2668-4AA5-AF6A-B23D1E88EE32}
		{96E6EED3-B91D-412E-A0CD-E4F2DEBF4B1D} = {96E6EED3-B91D-412E-A0CD-E4F2DEBF4B1D}
	EndProjectSection
EndProject
Project("{FAE04EC0-301F-11D3-BF4B-00C04F79EFBC}") = "ClothingStoreDomain", "ClothingStoreDomain\ClothingStoreDomain.csproj", "{96E6EED3-B91D-412E-A0CD-E4F2DEBF4B1D}"
EndProject
Project("{FAE04EC0-301F-11D3-BF4B-00C04F79EFBC}") = "ClothingStoreInfrastructure", "ClothingStoreInfrastructure\ClothingStoreInfrastructure.csproj", "{139250D4-B5C4-4776-8DB0-7E6712C28637}"
	ProjectSection(ProjectDependencies) = postProject
		{422D9486-2668-4AA5-AF6A-B23D1E88EE32} = {422D9486-2668-4AA5-AF6A-B23D1E88EE32}
		{96E6EED3-B91D-412E-A0CD-E4F2DEBF4B1D} = {96E6EED3-B91D-412E-A0CD-E4F2DEBF4B1D}
	EndProjectSection
EndProject
Project("{FAE04EC0-301F-11D3-BF4B-00C04F79EFBC}") = "ClothingStoreApplication", "ClothingStoreApplication\ClothingStoreApplication.csproj", "{422D9486-2668-4AA5-AF6A-B23D1E88EE32}"
	ProjectSection(ProjectDependencies) = postProject
		{96E6EED3-B91D-412E-A0CD-E4F2DEBF4B1D} = {96E6EED3-B91D-412E-A0CD-E4F2DEBF4B1D}
	EndProjectSection
EndProject
Global
	GlobalSection(SolutionConfigurationPlatforms) = preSolution
		Debug|Any CPU = Debug|Any CPU
		Release|Any CPU = Release|Any CPU
	EndGlobalSection
	GlobalSection(ProjectConfigurationPlatforms) = postSolution
		{3D1FD93F-59A1-4096-A21B-40734F922BEC}.Debug|Any CPU.ActiveCfg = Debug|Any CPU
		{3D1FD93F-59A1-4096-A21B-40734F922BEC}.Debug|Any CPU.Build.0 = Debug|Any CPU
		{3D1FD93F-59A1-4096-A21B-40734F922BEC}.Release|Any CPU.ActiveCfg = Release|Any CPU
		{3D1FD93F-59A1-4096-A21B-40734F922BEC}.Release|Any CPU.Build.0 = Release|Any CPU
		{96E6EED3-B91D-412E-A0CD-E4F2DEBF4B1D}.Debug|Any CPU.ActiveCfg = Debug|Any CPU
		{96E6EED3-B91D-412E-A0CD-E4F2DEBF4B1D}.Debug|Any CPU.Build.0 = Debug|Any CPU
		{96E6EED3-B91D-412E-A0CD-E4F2DEBF4B1D}.Release|Any CPU.ActiveCfg = Release|Any CPU
		{96E6EED3-B91D-412E-A0CD-E4F2DEBF4B1D}.Release|Any CPU.Build.0 = Release|Any CPU
		{139250D4-B5C4-4776-8DB0-7E6712C28637}.Debug|Any CPU.ActiveCfg = Debug|Any CPU
		{139250D4-B5C4-4776-8DB0-7E6712C28637}.Debug|Any CPU.Build.0 = Debug|Any CPU
		{139250D4-B5C4-4776-8DB0-7E6712C28637}.Release|Any CPU.ActiveCfg = Release|Any CPU
		{139250D4-B5C4-4776-8DB0-7E6712C28637}.Release|Any CPU.Build.0 = Release|Any CPU
		{422D9486-2668-4AA5-AF6A-B23D1E88EE32}.Debug|Any CPU.ActiveCfg = Debug|Any CPU
		{422D9486-2668-4AA5-AF6A-B23D1E88EE32}.Debug|Any CPU.Build.0 = Debug|Any CPU
		{422D9486-2668-4AA5-AF6A-B23D1E88EE32}.Release|Any CPU.ActiveCfg = Release|Any CPU
		{422D9486-2668-4AA5-AF6A-B23D1E88EE32}.Release|Any CPU.Build.0 = Release|Any CPU
	EndGlobalSection
	GlobalSection(SolutionProperties) = preSolution
		HideSolutionNode = FALSE
	EndGlobalSection
	GlobalSection(ExtensibilityGlobals) = postSolution
		SolutionGuid = {EAA7390B-44BB-40D3-B51D-446A0F17208F}
	EndGlobalSection
EndGlobal
