
Microsoft Visual Studio Solution File, Format Version 12.00
# Visual Studio Version 17
VisualStudioVersion = 17.10.34928.147
MinimumVisualStudioVersion = 10.0.40219.1
Project("{FAE04EC0-301F-11D3-BF4B-00C04F79EFBC}") = "Clothing StoreMVC", "Clothing Store\Clothing StoreMVC.csproj", "{14ABAA26-8C51-41A7-9E9D-F26BC0AAB5A4}"
	ProjectSection(ProjectDependencies) = postProject
		{7454BEBD-0B9C-4577-8C00-0410B79B9517} = {7454BEBD-0B9C-4577-8C00-0410B79B9517}
		{D300D653-D5FC-429A-8C4B-F215439AF4B4} = {D300D653-D5FC-429A-8C4B-F215439AF4B4}
		{F78365A8-76C3-460E-BE01-B144C360644C} = {F78365A8-76C3-460E-BE01-B144C360644C}
	EndProjectSection
EndProject
Project("{FAE04EC0-301F-11D3-BF4B-00C04F79EFBC}") = "ClothingStoreDomain", "ClothingStoreDomain\ClothingStoreDomain.csproj", "{F78365A8-76C3-460E-BE01-B144C360644C}"
EndProject
Project("{FAE04EC0-301F-11D3-BF4B-00C04F79EFBC}") = "ClothingStoreInfrastrucutre", "ClothingStoreInfrastrucutre\ClothingStoreInfrastrucutre.csproj", "{D300D653-D5FC-429A-8C4B-F215439AF4B4}"
	ProjectSection(ProjectDependencies) = postProject
		{7454BEBD-0B9C-4577-8C00-0410B79B9517} = {7454BEBD-0B9C-4577-8C00-0410B79B9517}
		{F78365A8-76C3-460E-BE01-B144C360644C} = {F78365A8-76C3-460E-BE01-B144C360644C}
	EndProjectSection
EndProject
Project("{FAE04EC0-301F-11D3-BF4B-00C04F79EFBC}") = "ClothingStoreApplication", "ClothingStoreApplication\ClothingStoreApplication.csproj", "{7454BEBD-0B9C-4577-8C00-0410B79B9517}"
	ProjectSection(ProjectDependencies) = postProject
		{F78365A8-76C3-460E-BE01-B144C360644C} = {F78365A8-76C3-460E-BE01-B144C360644C}
	EndProjectSection
EndProject
Global
	GlobalSection(SolutionConfigurationPlatforms) = preSolution
		Debug|Any CPU = Debug|Any CPU
		Release|Any CPU = Release|Any CPU
	EndGlobalSection
	GlobalSection(ProjectConfigurationPlatforms) = postSolution
		{14ABAA26-8C51-41A7-9E9D-F26BC0AAB5A4}.Debug|Any CPU.ActiveCfg = Debug|Any CPU
		{14ABAA26-8C51-41A7-9E9D-F26BC0AAB5A4}.Debug|Any CPU.Build.0 = Debug|Any CPU
		{14ABAA26-8C51-41A7-9E9D-F26BC0AAB5A4}.Release|Any CPU.ActiveCfg = Release|Any CPU
		{14ABAA26-8C51-41A7-9E9D-F26BC0AAB5A4}.Release|Any CPU.Build.0 = Release|Any CPU
		{F78365A8-76C3-460E-BE01-B144C360644C}.Debug|Any CPU.ActiveCfg = Debug|Any CPU
		{F78365A8-76C3-460E-BE01-B144C360644C}.Debug|Any CPU.Build.0 = Debug|Any CPU
		{F78365A8-76C3-460E-BE01-B144C360644C}.Release|Any CPU.ActiveCfg = Release|Any CPU
		{F78365A8-76C3-460E-BE01-B144C360644C}.Release|Any CPU.Build.0 = Release|Any CPU
		{D300D653-D5FC-429A-8C4B-F215439AF4B4}.Debug|Any CPU.ActiveCfg = Debug|Any CPU
		{D300D653-D5FC-429A-8C4B-F215439AF4B4}.Debug|Any CPU.Build.0 = Debug|Any CPU
		{D300D653-D5FC-429A-8C4B-F215439AF4B4}.Release|Any CPU.ActiveCfg = Release|Any CPU
		{D300D653-D5FC-429A-8C4B-F215439AF4B4}.Release|Any CPU.Build.0 = Release|Any CPU
		{7454BEBD-0B9C-4577-8C00-0410B79B9517}.Debug|Any CPU.ActiveCfg = Debug|Any CPU
		{7454BEBD-0B9C-4577-8C00-0410B79B9517}.Debug|Any CPU.Build.0 = Debug|Any CPU
		{7454BEBD-0B9C-4577-8C00-0410B79B9517}.Release|Any CPU.ActiveCfg = Release|Any CPU
		{7454BEBD-0B9C-4577-8C00-0410B79B9517}.Release|Any CPU.Build.0 = Release|Any CPU
	EndGlobalSection
	GlobalSection(SolutionProperties) = preSolution
		HideSolutionNode = FALSE
	EndGlobalSection
	GlobalSection(ExtensibilityGlobals) = postSolution
		SolutionGuid = {EAA7390B-44BB-40D3-B51D-446A0F17208F}
	EndGlobalSection
EndGlobal
